
Microsoft Visual Studio Solution File, Format Version 12.00
# Visual Studio Version 16
VisualStudioVersion = 16.0.30611.23
MinimumVisualStudioVersion = 10.0.40219.1
Project("{FAE04EC0-301F-11D3-BF4B-00C04F79EFBC}") = "PcApp", "PcApp\PcApp.csproj", "{C7DC849A-8EC2-4E62-9FD1-6E3EF513F0DB}"
EndProject
Global
	GlobalSection(SolutionConfigurationPlatforms) = preSolution
		Debug|Any CPU = Debug|Any CPU
		Release|Any CPU = Release|Any CPU
	EndGlobalSection
	GlobalSection(ProjectConfigurationPlatforms) = postSolution
		{C7DC849A-8EC2-4E62-9FD1-6E3EF513F0DB}.Debug|Any CPU.ActiveCfg = Debug|Any CPU
		{C7DC849A-8EC2-4E62-9FD1-6E3EF513F0DB}.Debug|Any CPU.Build.0 = Debug|Any CPU
		{C7DC849A-8EC2-4E62-9FD1-6E3EF513F0DB}.Release|Any CPU.ActiveCfg = Release|Any CPU
		{C7DC849A-8EC2-4E62-9FD1-6E3EF513F0DB}.Release|Any CPU.Build.0 = Release|Any CPU
	EndGlobalSection
	GlobalSection(SolutionProperties) = preSolution
		HideSolutionNode = FALSE
	EndGlobalSection
	GlobalSection(ExtensibilityGlobals) = postSolution
		SolutionGuid = {E383A5B5-6ABB-4B2D-A005-80260F0B9CAD}
	EndGlobalSection
EndGlobal
